
Microsoft Visual Studio Solution File, Format Version 12.00
# Visual Studio Version 16
VisualStudioVersion = 16.0.30621.155
MinimumVisualStudioVersion = 10.0.40219.1
Project("{FAE04EC0-301F-11D3-BF4B-00C04F79EFBC}") = "ControleAcesso", "ControleAcesso.csproj", "{36AC5A70-928B-4832-BC09-C7A7F1544BCC}"
EndProject
Global
	GlobalSection(SolutionConfigurationPlatforms) = preSolution
		Debug|Any CPU = Debug|Any CPU
		Release|Any CPU = Release|Any CPU
	EndGlobalSection
	GlobalSection(ProjectConfigurationPlatforms) = postSolution
		{36AC5A70-928B-4832-BC09-C7A7F1544BCC}.Debug|Any CPU.ActiveCfg = Debug|Any CPU
		{36AC5A70-928B-4832-BC09-C7A7F1544BCC}.Debug|Any CPU.Build.0 = Debug|Any CPU
		{36AC5A70-928B-4832-BC09-C7A7F1544BCC}.Release|Any CPU.ActiveCfg = Release|Any CPU
		{36AC5A70-928B-4832-BC09-C7A7F1544BCC}.Release|Any CPU.Build.0 = Release|Any CPU
	EndGlobalSection
	GlobalSection(SolutionProperties) = preSolution
		HideSolutionNode = FALSE
	EndGlobalSection
	GlobalSection(ExtensibilityGlobals) = postSolution
		SolutionGuid = {4338B639-82AA-4205-B7C3-3F9CD42259B9}
	EndGlobalSection
EndGlobal
